lockfileVersion: '9.0'

settings:
  autoInstallPeers: true
  excludeLinksFromLockfile: false

importers:

  .: {}

  bar:
    devDependencies:
      '@biomejs/biome':
        specifier: 2.0.5
        version: 2.0.5

  foo:
    devDependencies:
      '@biomejs/biome':
        specifier: 2.0.5
        version: 2.0.5

packages:

  '@biomejs/biome@2.0.5':
    resolution: {integrity: sha512-MztFGhE6cVjf3QmomWu83GpTFyWY8KIcskgRf2AqVEMSH4qI4rNdBLdpAQ11TNK9pUfLGz3IIOC1ZYwgBePtig==}
    engines: {node: '>=14.21.3'}
    hasBin: true

  '@biomejs/cli-darwin-arm64@2.0.5':
    resolution: {integrity: sha512-VIIWQv9Rcj9XresjCf3isBFfWjFStsdGZvm8SmwJzKs/22YQj167ge7DkxuaaZbNf2kmYif0AcjAKvtNedEoEw==}
    engines: {node: '>=14.21.3'}
    cpu: [arm64]
    os: [darwin]

  '@biomejs/cli-darwin-x64@2.0.5':
    resolution: {integrity: sha512-DRpGxBgf5Z7HUFcNUB6n66UiD4VlBlMpngNf32wPraxX8vYU6N9cb3xQWOXIQVBBQ64QfsSLJnjNu79i/LNmSg==}
    engines: {node: '>=14.21.3'}
    cpu: [x64]
    os: [darwin]

  '@biomejs/cli-linux-arm64-musl@2.0.5':
    resolution: {integrity: sha512-OpflTCOw/ElEs7QZqN/HFaSViPHjAsAPxFJ22LhWUWvuJgcy/Z8+hRV0/3mk/ZRWy5A6fCDKHZqAxU+xB6W4mA==}
    engines: {node: '>=14.21.3'}
    cpu: [arm64]
    os: [linux]

  '@biomejs/cli-linux-arm64@2.0.5':
    resolution: {integrity: sha512-FQTfDNMXOknf8+g9Eede2daaduRjTC2SNbfWPNFMadN9K3UKjeZ62jwiYxztPaz9zQQsZU8VbddQIaeQY5CmIA==}
    engines: {node: '>=14.21.3'}
    cpu: [arm64]
    os: [linux]

  '@biomejs/cli-linux-x64-musl@2.0.5':
    resolution: {integrity: sha512-9lmjCnajAzpZXbav2P6D87ugkhnaDpJtDvOH5uQbY2RXeW6Rq18uOUltxgacGBP+d8GusTr+s3IFOu7SN0Ok8g==}
    engines: {node: '>=14.21.3'}
    cpu: [x64]
    os: [linux]

  '@biomejs/cli-linux-x64@2.0.5':
    resolution: {integrity: sha512-znpfydUDPuDkyBTulnODrQVK2FaG/4hIOPcQSsF2GeauQOYrBAOplj0etGB0NUrr0dFsvaQ15nzDXYb60ACoiw==}
    engines: {node: '>=14.21.3'}
    cpu: [x64]
    os: [linux]

  '@biomejs/cli-win32-arm64@2.0.5':
    resolution: {integrity: sha512-CP2wKQB+gh8HdJTFKYRFETqReAjxlcN9AlYDEoye8v2eQp+L9v+PUeDql/wsbaUhSsLR0sjj3PtbBtt+02AN3A==}
    engines: {node: '>=14.21.3'}
    cpu: [arm64]
    os: [win32]

  '@biomejs/cli-win32-x64@2.0.5':
    resolution: {integrity: sha512-Sw3rz2m6bBADeQpr3+MD7Ch4E1l15DTt/+dfqKnwkm3cn4BrYwnArmvKeZdVsFRDjMyjlKIP88bw1r7o+9aqzw==}
    engines: {node: '>=14.21.3'}
    cpu: [x64]
    os: [win32]

snapshots:

  '@biomejs/biome@2.0.5':
    optionalDependencies:
      '@biomejs/cli-darwin-arm64': 2.0.5
      '@biomejs/cli-darwin-x64': 2.0.5
      '@biomejs/cli-linux-arm64': 2.0.5
      '@biomejs/cli-linux-arm64-musl': 2.0.5
      '@biomejs/cli-linux-x64': 2.0.5
      '@biomejs/cli-linux-x64-musl': 2.0.5
      '@biomejs/cli-win32-arm64': 2.0.5
      '@biomejs/cli-win32-x64': 2.0.5

  '@biomejs/cli-darwin-arm64@2.0.5':
    optional: true

  '@biomejs/cli-darwin-x64@2.0.5':
    optional: true

  '@biomejs/cli-linux-arm64-musl@2.0.5':
    optional: true

  '@biomejs/cli-linux-arm64@2.0.5':
    optional: true

  '@biomejs/cli-linux-x64-musl@2.0.5':
    optional: true

  '@biomejs/cli-linux-x64@2.0.5':
    optional: true

  '@biomejs/cli-win32-arm64@2.0.5':
    optional: true

  '@biomejs/cli-win32-x64@2.0.5':
    optional: true
